
Microsoft Visual Studio Solution File, Format Version 12.00
# Visual Studio Version 17
VisualStudioVersion = 17.1.32328.378
MinimumVisualStudioVersion = 10.0.40219.1
Project("{FAE04EC0-301F-11D3-BF4B-00C04F79EFBC}") = "OpenCV", "OpenCV.csproj", "{0AE5BFBF-D69E-42DC-922C-0A3847E4BD65}"
EndProject
Global
	GlobalSection(SolutionConfigurationPlatforms) = preSolution
		Debug|Any CPU = Debug|Any CPU
		Release|Any CPU = Release|Any CPU
	EndGlobalSection
	GlobalSection(ProjectConfigurationPlatforms) = postSolution
		{0AE5BFBF-D69E-42DC-922C-0A3847E4BD65}.Debug|Any CPU.ActiveCfg = Debug|Any CPU
		{0AE5BFBF-D69E-42DC-922C-0A3847E4BD65}.Debug|Any CPU.Build.0 = Debug|Any CPU
		{0AE5BFBF-D69E-42DC-922C-0A3847E4BD65}.Release|Any CPU.ActiveCfg = Release|Any CPU
		{0AE5BFBF-D69E-42DC-922C-0A3847E4BD65}.Release|Any CPU.Build.0 = Release|Any CPU
	EndGlobalSection
	GlobalSection(SolutionProperties) = preSolution
		HideSolutionNode = FALSE
	EndGlobalSection
	GlobalSection(ExtensibilityGlobals) = postSolution
		SolutionGuid = {4007EEE7-0A69-4424-A602-8B18A0B8CA37}
	EndGlobalSection
EndGlobal
